
Microsoft Visual Studio Solution File, Format Version 12.00
# Visual Studio Version 17
VisualStudioVersion = 17.2.32526.322
MinimumVisualStudioVersion = 10.0.40219.1
Project("{9A19103F-16F7-4668-BE54-9A1E7A4F7556}") = "Server", "Server\Server.csproj", "{95CCBA12-CAB4-4574-A91C-77844E5C2C10}"
EndProject
Project("{9A19103F-16F7-4668-BE54-9A1E7A4F7556}") = "ApiLeapHit", "ApiLeapHit\ApiLeapHit.csproj", "{693F37D1-B10C-45B2-A180-24D26B5A4841}"
EndProject
Project("{9A19103F-16F7-4668-BE54-9A1E7A4F7556}") = "DTO", "DTO\DTO.csproj", "{BDA37278-912D-47E9-BD69-47A924A69004}"
EndProject
Project("{9A19103F-16F7-4668-BE54-9A1E7A4F7556}") = "DataBase", "DataBase\DataBase.csproj", "{FCCE7DEC-1F7B-4C66-8C61-3FCB668F9008}"
EndProject
Project("{9A19103F-16F7-4668-BE54-9A1E7A4F7556}") = "TestControleurs", "TestControleurs\TestControleurs.csproj", "{A9DFF203-7F27-44BA-A460-F65C01D0EDFD}"
EndProject
Project("{2150E333-8FDC-42A3-9474-1A3956D46DE8}") = "test", "test", "{12A97D16-34BB-4D4F-9F76-D74061A9BA77}"
EndProject
Project("{9A19103F-16F7-4668-BE54-9A1E7A4F7556}") = "ClientConsole", "ClientConsole\ClientConsole.csproj", "{33F7C629-F92B-459C-BCC5-6A4601D6D9EA}"
EndProject
Project("{9A19103F-16F7-4668-BE54-9A1E7A4F7556}") = "Shared", "Shared\Shared.csproj", "{CA1465F2-A006-4AF6-8231-59DB00963BD0}"
EndProject
Global
	GlobalSection(SolutionConfigurationPlatforms) = preSolution
		Debug|Any CPU = Debug|Any CPU
		Release|Any CPU = Release|Any CPU
	EndGlobalSection
	GlobalSection(ProjectConfigurationPlatforms) = postSolution
		{95CCBA12-CAB4-4574-A91C-77844E5C2C10}.Debug|Any CPU.ActiveCfg = Debug|Any CPU
		{95CCBA12-CAB4-4574-A91C-77844E5C2C10}.Debug|Any CPU.Build.0 = Debug|Any CPU
		{95CCBA12-CAB4-4574-A91C-77844E5C2C10}.Release|Any CPU.ActiveCfg = Release|Any CPU
		{95CCBA12-CAB4-4574-A91C-77844E5C2C10}.Release|Any CPU.Build.0 = Release|Any CPU
		{693F37D1-B10C-45B2-A180-24D26B5A4841}.Debug|Any CPU.ActiveCfg = Debug|Any CPU
		{693F37D1-B10C-45B2-A180-24D26B5A4841}.Debug|Any CPU.Build.0 = Debug|Any CPU
		{693F37D1-B10C-45B2-A180-24D26B5A4841}.Release|Any CPU.ActiveCfg = Release|Any CPU
		{693F37D1-B10C-45B2-A180-24D26B5A4841}.Release|Any CPU.Build.0 = Release|Any CPU
		{BDA37278-912D-47E9-BD69-47A924A69004}.Debug|Any CPU.ActiveCfg = Debug|Any CPU
		{BDA37278-912D-47E9-BD69-47A924A69004}.Debug|Any CPU.Build.0 = Debug|Any CPU
		{BDA37278-912D-47E9-BD69-47A924A69004}.Release|Any CPU.ActiveCfg = Release|Any CPU
		{BDA37278-912D-47E9-BD69-47A924A69004}.Release|Any CPU.Build.0 = Release|Any CPU
		{FCCE7DEC-1F7B-4C66-8C61-3FCB668F9008}.Debug|Any CPU.ActiveCfg = Debug|Any CPU
		{FCCE7DEC-1F7B-4C66-8C61-3FCB668F9008}.Debug|Any CPU.Build.0 = Debug|Any CPU
		{FCCE7DEC-1F7B-4C66-8C61-3FCB668F9008}.Release|Any CPU.ActiveCfg = Release|Any CPU
		{FCCE7DEC-1F7B-4C66-8C61-3FCB668F9008}.Release|Any CPU.Build.0 = Release|Any CPU
		{A9DFF203-7F27-44BA-A460-F65C01D0EDFD}.Debug|Any CPU.ActiveCfg = Debug|Any CPU
		{A9DFF203-7F27-44BA-A460-F65C01D0EDFD}.Debug|Any CPU.Build.0 = Debug|Any CPU
		{A9DFF203-7F27-44BA-A460-F65C01D0EDFD}.Release|Any CPU.ActiveCfg = Release|Any CPU
		{A9DFF203-7F27-44BA-A460-F65C01D0EDFD}.Release|Any CPU.Build.0 = Release|Any CPU
		{33F7C629-F92B-459C-BCC5-6A4601D6D9EA}.Debug|Any CPU.ActiveCfg = Debug|Any CPU
		{33F7C629-F92B-459C-BCC5-6A4601D6D9EA}.Debug|Any CPU.Build.0 = Debug|Any CPU
		{33F7C629-F92B-459C-BCC5-6A4601D6D9EA}.Release|Any CPU.ActiveCfg = Release|Any CPU
		{33F7C629-F92B-459C-BCC5-6A4601D6D9EA}.Release|Any CPU.Build.0 = Release|Any CPU
		{CA1465F2-A006-4AF6-8231-59DB00963BD0}.Debug|Any CPU.ActiveCfg = Debug|Any CPU
		{CA1465F2-A006-4AF6-8231-59DB00963BD0}.Debug|Any CPU.Build.0 = Debug|Any CPU
		{CA1465F2-A006-4AF6-8231-59DB00963BD0}.Release|Any CPU.ActiveCfg = Release|Any CPU
		{CA1465F2-A006-4AF6-8231-59DB00963BD0}.Release|Any CPU.Build.0 = Release|Any CPU
	EndGlobalSection
	GlobalSection(SolutionProperties) = preSolution
		HideSolutionNode = FALSE
	EndGlobalSection
	GlobalSection(NestedProjects) = preSolution
		{A9DFF203-7F27-44BA-A460-F65C01D0EDFD} = {12A97D16-34BB-4D4F-9F76-D74061A9BA77}
	EndGlobalSection
	GlobalSection(ExtensibilityGlobals) = postSolution
		SolutionGuid = {4BE2DC93-D511-4DA9-9C47-F286E71354BA}
	EndGlobalSection
EndGlobal
