
Microsoft Visual Studio Solution File, Format Version 12.00
# Visual Studio Version 17
VisualStudioVersion = 17.2.32526.322
MinimumVisualStudioVersion = 10.0.40219.1
Project("{9A19103F-16F7-4668-BE54-9A1E7A4F7556}") = "DataBase", "DataBase\DataBase.csproj", "{240EEEA0-7EFB-4919-A5C9-584DC6505C58}"
EndProject
Project("{FAE04EC0-301F-11D3-BF4B-00C04F79EFBC}") = "Server", "Server\Server.csproj", "{95CCBA12-CAB4-4574-A91C-77844E5C2C10}"
EndProject
Global
	GlobalSection(SolutionConfigurationPlatforms) = preSolution
		Debug|Any CPU = Debug|Any CPU
		Release|Any CPU = Release|Any CPU
	EndGlobalSection
	GlobalSection(ProjectConfigurationPlatforms) = postSolution
		{240EEEA0-7EFB-4919-A5C9-584DC6505C58}.Debug|Any CPU.ActiveCfg = Debug|Any CPU
		{240EEEA0-7EFB-4919-A5C9-584DC6505C58}.Debug|Any CPU.Build.0 = Debug|Any CPU
		{240EEEA0-7EFB-4919-A5C9-584DC6505C58}.Release|Any CPU.ActiveCfg = Release|Any CPU
		{240EEEA0-7EFB-4919-A5C9-584DC6505C58}.Release|Any CPU.Build.0 = Release|Any CPU
		{95CCBA12-CAB4-4574-A91C-77844E5C2C10}.Debug|Any CPU.ActiveCfg = Debug|Any CPU
		{95CCBA12-CAB4-4574-A91C-77844E5C2C10}.Debug|Any CPU.Build.0 = Debug|Any CPU
		{95CCBA12-CAB4-4574-A91C-77844E5C2C10}.Release|Any CPU.ActiveCfg = Release|Any CPU
		{95CCBA12-CAB4-4574-A91C-77844E5C2C10}.Release|Any CPU.Build.0 = Release|Any CPU
	EndGlobalSection
	GlobalSection(SolutionProperties) = preSolution
		HideSolutionNode = FALSE
	EndGlobalSection
	GlobalSection(ExtensibilityGlobals) = postSolution
		SolutionGuid = {4BE2DC93-D511-4DA9-9C47-F286E71354BA}
	EndGlobalSection
EndGlobal
